// !$*UTF8*$!
{
	archiveVersion = 1;
	classes = {
	};
	objectVersion = 77;
	objects = {

/* Begin PBXContainerItemProxy section */
		256CFE462FD4F32B0015BAA0 /* PBXContainerItemProxy */ = {
			isa = PBXContainerItemProxy;
			containerPortal = 256CFE302FD4F32A0015BAA0 /* Project object */;
			proxyType = 1;
			remoteGlobalIDString = 256CFE372FD4F32A0015BAA0;
			remoteInfo = InfoCard;
		};
		256CFE502FD4F32B0015BAA0 /* PBXContainerItemProxy */ = {
			isa = PBXContainerItemProxy;
			containerPortal = 256CFE302FD4F32A0015BAA0 /* Project object */;
			proxyType = 1;
			remoteGlobalIDString = 256CFE372FD4F32A0015BAA0;
			remoteInfo = InfoCard;
		};
/* End PBXContainerItemProxy section */

/* Begin PBXFileReference section */
		256CFE382FD4F32A0015BAA0 /* InfoCard.app */ = {isa = PBXFileReference; explicitFileType = wrapper.application; includeInIndex = 0; path = InfoCard.app; sourceTree = BUILT_PRODUCTS_DIR; };
		256CFE452FD4F32B0015BAA0 /* InfoCardTests.xctest */ = {isa = PBXFileReference; explicitFileType = wrapper.cfbundle; includeInIndex = 0; path = InfoCardTests.xctest; sourceTree = BUILT_PRODUCTS_DIR; };
		256CFE4F2FD4F32B0015BAA0 /* InfoCardUITests.xctest */ = {isa = PBXFileReference; explicitFileType = wrapper.cfbundle; includeInIndex = 0; path = InfoCardUITests.xctest; sourceTree = BUILT_PRODUCTS_DIR; };
/* End PBXFileReference section */

/* Begin PBXFileSystemSynchronizedRootGroup section */
		256CFE3A2FD4F32A0015BAA0 /* InfoCard */ = {
			isa = PBXFileSystemSynchronizedRootGroup;
			path = InfoCard;
			sourceTree = "<group>";
		};
		256CFE482FD4F32B0015BAA0 /* InfoCardTests */ = {
			isa = PBXFileSystemSynchronizedRootGroup;
			path = InfoCardTests;
			sourceTree = "<group>";
		};
		256CFE522FD4F32B0015BAA0 /* InfoCardUITests */ = {
			isa = PBXFileSystemSynchronizedRootGroup;
			path = InfoCardUITests;
			sourceTree = "<group>";
		};
/* End PBXFileSystemSynchronizedRootGroup section */

/* Begin PBXFrameworksBuildPhase section */
		256CFE352FD4F32A0015BAA0 /* Frameworks */ = {
			isa = PBXFrameworksBuildPhase;
			buildActionMask = 2147483647;
			files = (
			);
			runOnlyForDeploymentPostprocessing = 0;
		};
		256CFE422FD4F32B0015BAA0 /* Frameworks */ = {
			isa = PBXFrameworksBuildPhase;
			buildActionMask = 2147483647;
			files = (
			);
			runOnlyForDeploymentPostprocessing = 0;
		};
		256CFE4C2FD4F32B0015BAA0 /* Frameworks */ = {
			isa = PBXFrameworksBuildPhase;
			buildActionMask = 2147483647;
			files = (
			);
			runOnlyForDeploymentPostprocessing = 0;
		};
/* End PBXFrameworksBuildPhase section */

/* Begin PBXGroup section */
		256CFE2F2FD4F32A0015BAA0 = {
			isa = PBXGroup;
			children = (
				256CFE3A2FD4F32A0015BAA0 /* InfoCard */,
				256CFE482FD4F32B0015BAA0 /* InfoCardTests */,
				256CFE522FD4F32B0015BAA0 /* InfoCardUITests */,
				256CFE392FD4F32A0015BAA0 /* Products */,
			);
			sourceTree = "<group>";
		};
		256CFE392FD4F32A0015BAA0 /* Products */ = {
			isa = PBXGroup;
			children = (
				256CFE382FD4F32A0015BAA0 /* InfoCard.app */,
				256CFE452FD4F32B0015BAA0 /* InfoCardTests.xctest */,
				256CFE4F2FD4F32B0015BAA0 /* InfoCardUITests.xctest */,
			);
			name = Products;
			sourceTree = "<group>";
		};
/* End PBXGroup section */

/* Begin PBXNativeTarget section */
		256CFE372FD4F32A0015BAA0 /* InfoCard */ = {
			isa = PBXNativeTarget;
			buildConfigurationList = 256CFE592FD4F32B0015BAA0 /* Build configuration list for PBXNativeTarget "InfoCard" */;
			buildPhases = (
				256CFE342FD4F32A0015BAA0 /* Sources */,
				256CFE352FD4F32A0015BAA0 /* Frameworks */,
				256CFE362FD4F32A0015BAA0 /* Resources */,
			);
			buildRules = (
			);
			dependencies = (
			);
			fileSystemSynchronizedGroups = (
				256CFE3A2FD4F32A0015BAA0 /* InfoCard */,
			);
			name = InfoCard;
			packageProductDependencies = (
			);
			productName = InfoCard;
			productReference = 256CFE382FD4F32A0015BAA0 /* InfoCard.app */;
			productType = "com.apple.product-type.application";
		};
		256CFE442FD4F32B0015BAA0 /* InfoCardTests */ = {
			isa = PBXNativeTarget;
			buildConfigurationList = 256CFE5C2FD4F32B0015BAA0 /* Build configuration list for PBXNativeTarget "InfoCardTests" */;
			buildPhases = (
				256CFE412FD4F32B0015BAA0 /* Sources */,
				256CFE422FD4F32B0015BAA0 /* Frameworks */,
				256CFE432FD4F32B0015BAA0 /* Resources */,
			);
			buildRules = (
			);
			dependencies = (
				256CFE472FD4F32B0015BAA0 /* PBXTargetDependency */,
			);
			fileSystemSynchronizedGroups = (
				256CFE482FD4F32B0015BAA0 /* InfoCardTests */,
			);
			name = InfoCardTests;
			packageProductDependencies = (
			);
			productName = InfoCardTests;
			productReference = 256CFE452FD4F32B0015BAA0 /* InfoCardTests.xctest */;
			productType = "com.apple.product-type.bundle.unit-test";
		};
		256CFE4E2FD4F32B0015BAA0 /* InfoCardUITests */ = {
			isa = PBXNativeTarget;
			buildConfigurationList = 256CFE5F2FD4F32B0015BAA0 /* Build configuration list for PBXNativeTarget "InfoCardUITests" */;
			buildPhases = (
				256CFE4B2FD4F32B0015BAA0 /* Sources */,
				256CFE4C2FD4F32B0015BAA0 /* Frameworks */,
				256CFE4D2FD4F32B0015BAA0 /* Resources */,
			);
			buildRules = (
			);
			dependencies = (
				256CFE512FD4F32B0015BAA0 /* PBXTargetDependency */,
			);
			fileSystemSynchronizedGroups = (
				256CFE522FD4F32B0015BAA0 /* InfoCardUITests */,
			);
			name = InfoCardUITests;
			packageProductDependencies = (
			);
			productName = InfoCardUITests;
			productReference = 256CFE4F2FD4F32B0015BAA0 /* InfoCardUITests.xctest */;
			productType = "com.apple.product-type.bundle.ui-testing";
		};
/* End PBXNativeTarget section */

/* Begin PBXProject section */
		256CFE302FD4F32A0015BAA0 /* Project object */ = {
			isa = PBXProject;
			attributes = {
				BuildIndependentTargetsInParallel = 1;
				LastSwiftUpdateCheck = 2620;
				LastUpgradeCheck = 2620;
				TargetAttributes = {
					256CFE372FD4F32A0015BAA0 = {
						CreatedOnToolsVersion = 26.2;
					};
					256CFE442FD4F32B0015BAA0 = {
						CreatedOnToolsVersion = 26.2;
						TestTargetID = 256CFE372FD4F32A0015BAA0;
					};
					256CFE4E2FD4F32B0015BAA0 = {
						CreatedOnToolsVersion = 26.2;
						TestTargetID = 256CFE372FD4F32A0015BAA0;
					};
				};
			};
			buildConfigurationList = 256CFE332FD4F32A0015BAA0 /* Build configuration list for PBXProject "InfoCard" */;
			developmentRegion = en;
			hasScannedForEncodings = 0;
			knownRegions = (
				en,
				Base,
			);
			mainGroup = 256CFE2F2FD4F32A0015BAA0;
			minimizedProjectReferenceProxies = 1;
			preferredProjectObjectVersion = 77;
			productRefGroup = 256CFE392FD4F32A0015BAA0 /* Products */;
			projectDirPath = "";
			projectRoot = "";
			targets = (
				256CFE372FD4F32A0015BAA0 /* InfoCard */,
				256CFE442FD4F32B0015BAA0 /* InfoCardTests */,
				256CFE4E2FD4F32B0015BAA0 /* InfoCardUITests */,
			);
		};
/* End PBXProject section */

/* Begin PBXResourcesBuildPhase section */
		256CFE362FD4F32A0015BAA0 /* Resources */ = {
			isa = PBXResourcesBuildPhase;
			buildActionMask = 2147483647;
			files = (
			);
			runOnlyForDeploymentPostprocessing = 0;
		};
		256CFE432FD4F32B0015BAA0 /* Resources */ = {
			isa = PBXResourcesBuildPhase;
			buildActionMask = 2147483647;
			files = (
			);
			runOnlyForDeploymentPostprocessing = 0;
		};
		256CFE4D2FD4F32B0015BAA0 /* Resources */ = {
			isa = PBXResourcesBuildPhase;
			buildActionMask = 2147483647;
			files = (
			);
			runOnlyForDeploymentPostprocessing = 0;
		};
/* End PBXResourcesBuildPhase section */

/* Begin PBXSourcesBuildPhase section */
		256CFE342FD4F32A0015BAA0 /* Sources */ = {
			isa = PBXSourcesBuildPhase;
			buildActionMask = 2147483647;
			files = (
			);
			runOnlyForDeploymentPostprocessing = 0;
		};
		256CFE412FD4F32B0015BAA0 /* Sources */ = {
			isa = PBXSourcesBuildPhase;
			buildActionMask = 2147483647;
			files = (
			);
			runOnlyForDeploymentPostprocessing = 0;
		};
		256CFE4B2FD4F32B0015BAA0 /* Sources */ = {
			isa = PBXSourcesBuildPhase;
			buildActionMask = 2147483647;
			files = (
			);
			runOnlyForDeploymentPostprocessing = 0;
		};
/* End PBXSourcesBuildPhase section */

/* Begin PBXTargetDependency section */
		256CFE472FD4F32B0015BAA0 /* PBXTargetDependency */ = {
			isa = PBXTargetDependency;
			target = 256CFE372FD4F32A0015BAA0 /* InfoCard */;
			targetProxy = 256CFE462FD4F32B0015BAA0 /* PBXContainerItemProxy */;
		};
		256CFE512FD4F32B0015BAA0 /* PBXTargetDependency */ = {
			isa = PBXTargetDependency;
			target = 256CFE372FD4F32A0015BAA0 /* InfoCard */;
			targetProxy = 256CFE502FD4F32B0015BAA0 /* PBXContainerItemProxy */;
		};
/* End PBXTargetDependency section */

/* Begin XCBuildConfiguration section */
		256CFE572FD4F32B0015BAA0 /* Debug */ = {
			isa = XCBuildConfiguration;
			buildSettings = {
				ALWAYS_SEARCH_USER_PATHS = NO;
				ASSETCATALOG_COMPILER_GENERATE_SWIFT_ASSET_SYMBOL_EXTENSIONS = YES;
				CLANG_ANALYZER_NONNULL = YES;
				CLANG_ANALYZER_NUMBER_OBJECT_CONVERSION = YES_AGGRESSIVE;
				CLANG_CXX_LANGUAGE_STANDARD = "gnu++20";
				CLANG_ENABLE_MODULES = YES;
				CLANG_ENABLE_OBJC_ARC = YES;
				CLANG_ENABLE_OBJC_WEAK = YES;
				CLANG_WARN_BLOCK_CAPTURE_AUTORELEASING = YES;
				CLANG_WARN_BOOL_CONVERSION = YES;
				CLANG_WARN_COMMA = YES;
				CLANG_WARN_CONSTANT_CONVERSION = YES;
				CLANG_WARN_DEPRECATED_OBJC_IMPLEMENTATIONS = YES;
				CLANG_WARN_DIRECT_OBJC_ISA_USAGE = YES_ERROR;
				CLANG_WARN_DOCUMENTATION_COMMENTS = YES;
				CLANG_WARN_EMPTY_BODY = YES;
				CLANG_WARN_ENUM_CONVERSION = YES;
				CLANG_WARN_INFINITE_RECURSION = YES;
				CLANG_WARN_INT_CONVERSION = YES;
				CLANG_WARN_NON_LITERAL_NULL_CONVERSION = YES;
				CLANG_WARN_OBJC_IMPLICIT_RETAIN_SELF = YES;
				CLANG_WARN_OBJC_LITERAL_CONVERSION = YES;
				CLANG_WARN_OBJC_ROOT_CLASS = YES_ERROR;
				CLANG_WARN_QUOTED_INCLUDE_IN_FRAMEWORK_HEADER = YES;
				CLANG_WARN_RANGE_LOOP_ANALYSIS = YES;
				CLANG_WARN_STRICT_PROTOTYPES = YES;
				CLANG_WARN_SUSPICIOUS_MOVE = YES;
				CLANG_WARN_UNGUARDED_AVAILABILITY = YES_AGGRESSIVE;
				CLANG_WARN_UNREACHABLE_CODE = YES;
				CLANG_WARN__DUPLICATE_METHOD_MATCH = YES;
				COPY_PHASE_STRIP = NO;
				DEBUG_INFORMATION_FORMAT = dwarf;
				DEVELOPMENT_TEAM = X37X97J8QP;
				ENABLE_STRICT_OBJC_MSGSEND = YES;
				ENABLE_TESTABILITY = YES;
				ENABLE_USER_SCRIPT_SANDBOXING = YES;
				GCC_C_LANGUAGE_STANDARD = gnu17;
				GCC_DYNAMIC_NO_PIC = NO;
				GCC_NO_COMMON_BLOCKS = YES;
				GCC_OPTIMIZATION_LEVEL = 0;
				GCC_PREPROCESSOR_DEFINITIONS = (
					"DEBUG=1",
					"$(inherited)",
				);
				GCC_WARN_64_TO_32_BIT_CONVERSION = YES;
				GCC_WARN_ABOUT_RETURN_TYPE = YES_ERROR;
				GCC_WARN_UNDECLARED_SELECTOR = YES;
				GCC_WARN_UNINITIALIZED_AUTOS = YES_AGGRESSIVE;
				GCC_WARN_UNUSED_FUNCTION = YES;
				GCC_WARN_UNUSED_VARIABLE = YES;
				IPHONEOS_DEPLOYMENT_TARGET = 26.2;
				LOCALIZATION_PREFERS_STRING_CATALOGS = YES;
				MTL_ENABLE_DEBUG_INFO = INCLUDE_SOURCE;
				MTL_FAST_MATH = YES;
				ONLY_ACTIVE_ARCH = YES;
				SDKROOT = iphoneos;
				SWIFT_ACTIVE_COMPILATION_CONDITIONS = "DEBUG $(inherited)";
				SWIFT_OPTIMIZATION_LEVEL = "-Onone";
			};
			name = Debug;
		};
		256CFE582FD4F32B0015BAA0 /* Release */ = {
			isa = XCBuildConfiguration;
			buildSettings = {
				ALWAYS_SEARCH_USER_PATHS = NO;
				ASSETCATALOG_COMPILER_GENERATE_SWIFT_ASSET_SYMBOL_EXTENSIONS = YES;
				CLANG_ANALYZER_NONNULL = YES;
				CLANG_ANALYZER_NUMBER_OBJECT_CONVERSION = YES_AGGRESSIVE;
				CLANG_CXX_LANGUAGE_STANDARD = "gnu++20";
				CLANG_ENABLE_MODULES = YES;
				CLANG_ENABLE_OBJC_ARC = YES;
				CLANG_ENABLE_OBJC_WEAK = YES;
				CLANG_WARN_BLOCK_CAPTURE_AUTORELEASING = YES;
				CLANG_WARN_BOOL_CONVERSION = YES;
				CLANG_WARN_COMMA = YES;
				CLANG_WARN_CONSTANT_CONVERSION = YES;
				CLANG_WARN_DEPRECATED_OBJC_IMPLEMENTATIONS = YES;
				CLANG_WARN_DIRECT_OBJC_ISA_USAGE = YES_ERROR;
				CLANG_WARN_DOCUMENTATION_COMMENTS = YES;
				CLANG_WARN_EMPTY_BODY = YES;
				CLANG_WARN_ENUM_CONVERSION = YES;
				CLANG_WARN_INFINITE_RECURSION = YES;
				CLANG_WARN_INT_CONVERSION = YES;
				CLANG_WARN_NON_LITERAL_NULL_CONVERSION = YES;
				CLANG_WARN_OBJC_IMPLICIT_RETAIN_SELF = YES;
				CLANG_WARN_OBJC_LITERAL_CONVERSION = YES;
				CLANG_WARN_OBJC_ROOT_CLASS = YES_ERROR;
				CLANG_WARN_QUOTED_INCLUDE_IN_FRAMEWORK_HEADER = YES;
				CLANG_WARN_RANGE_LOOP_ANALYSIS = YES;
				CLANG_WARN_STRICT_PROTOTYPES = YES;
				CLANG_WARN_SUSPICIOUS_MOVE = YES;
				CLANG_WARN_UNGUARDED_AVAILABILITY = YES_AGGRESSIVE;
				CLANG_WARN_UNREACHABLE_CODE = YES;
				CLANG_WARN__DUPLICATE_METHOD_MATCH = YES;
				COPY_PHASE_STRIP = NO;
				DEBUG_INFORMATION_FORMAT = "dwarf-with-dsym";
				DEVELOPMENT_TEAM = X37X97J8QP;
				ENABLE_NS_ASSERTIONS = NO;
				ENABLE_STRICT_OBJC_MSGSEND = YES;
				ENABLE_USER_SCRIPT_SANDBOXING = YES;
				GCC_C_LANGUAGE_STANDARD = gnu17;
				GCC_NO_COMMON_BLOCKS = YES;
				GCC_WARN_64_TO_32_BIT_CONVERSION = YES;
				GCC_WARN_ABOUT_RETURN_TYPE = YES_ERROR;
				GCC_WARN_UNDECLARED_SELECTOR = YES;
				GCC_WARN_UNINITIALIZED_AUTOS = YES_AGGRESSIVE;
				GCC_WARN_UNUSED_FUNCTION = YES;
				GCC_WARN_UNUSED_VARIABLE = YES;
				IPHONEOS_DEPLOYMENT_TARGET = 26.2;
				LOCALIZATION_PREFERS_STRING_CATALOGS = YES;
				MTL_ENABLE_DEBUG_INFO = NO;
				MTL_FAST_MATH = YES;
				SDKROOT = iphoneos;
				SWIFT_COMPILATION_MODE = wholemodule;
				VALIDATE_PRODUCT = YES;
			};
			name = Release;
		};
		256CFE5A2FD4F32B0015BAA0 /* Debug */ = {
			isa = XCBuildConfiguration;
			buildSettings = {
				ASSETCATALOG_COMPILER_APPICON_NAME = AppIcon;
				ASSETCATALOG_COMPILER_GLOBAL_ACCENT_COLOR_NAME = AccentColor;
				CODE_SIGN_STYLE = Automatic;
				CURRENT_PROJECT_VERSION = 1;
				DEVELOPMENT_TEAM = X37X97J8QP;
				ENABLE_PREVIEWS = YES;
				GENERATE_INFOPLIST_FILE = YES;
				INFOPLIST_KEY_NSCameraUsageDescription = "Kredi kartlarinizi taramak icin kamerayi kullanmamiz gerekmektedir.";
				INFOPLIST_KEY_NSFaceIDUsageDescription = "Kart bilgilerinize guvenli erisim saglamak icin Face ID dogrulamasi gereklidir.";
				INFOPLIST_KEY_NSMotionUsageDescription = "Kartlara 3D hareket efekti uygulamak için kullanılır.";
				INFOPLIST_KEY_UIApplicationSceneManifest_Generation = YES;
				INFOPLIST_KEY_UIApplicationSupportsIndirectInputEvents = YES;
				INFOPLIST_KEY_UILaunchScreen_Generation = YES;
				INFOPLIST_KEY_UISupportedInterfaceOrientations_iPad = "UIInterfaceOrientationPortrait UIInterfaceOrientationPortraitUpsideDown UIInterfaceOrientationLandscapeLeft UIInterfaceOrientationLandscapeRight";
				INFOPLIST_KEY_UISupportedInterfaceOrientations_iPhone = "UIInterfaceOrientationPortrait UIInterfaceOrientationLandscapeLeft UIInterfaceOrientationLandscapeRight";
				LD_RUNPATH_SEARCH_PATHS = (
					"$(inherited)",
					"@executable_path/Frameworks",
				);
				MARKETING_VERSION = 1.0;
				PRODUCT_BUNDLE_IDENTIFIER = soutTabHi.InfoCard;
				PRODUCT_NAME = "$(TARGET_NAME)";
				STRING_CATALOG_GENERATE_SYMBOLS = YES;
				SWIFT_APPROACHABLE_CONCURRENCY = YES;
				SWIFT_DEFAULT_ACTOR_ISOLATION = MainActor;
				SWIFT_EMIT_LOC_STRINGS = YES;
				SWIFT_UPCOMING_FEATURE_MEMBER_IMPORT_VISIBILITY = YES;
				SWIFT_VERSION = 5.0;
				TARGETED_DEVICE_FAMILY = "1,2";
			};
			name = Debug;
		};
		256CFE5B2FD4F32B0015BAA0 /* Release */ = {
			isa = XCBuildConfiguration;
			buildSettings = {
				ASSETCATALOG_COMPILER_APPICON_NAME = AppIcon;
				ASSETCATALOG_COMPILER_GLOBAL_ACCENT_COLOR_NAME = AccentColor;
				CODE_SIGN_STYLE = Automatic;
				CURRENT_PROJECT_VERSION = 1;
				DEVELOPMENT_TEAM = X37X97J8QP;
				ENABLE_PREVIEWS = YES;
				GENERATE_INFOPLIST_FILE = YES;
				INFOPLIST_KEY_NSCameraUsageDescription = "Kredi kartlarinizi taramak icin kamerayi kullanmamiz gerekmektedir.";
				INFOPLIST_KEY_NSFaceIDUsageDescription = "Kart bilgilerinize guvenli erisim saglamak icin Face ID dogrulamasi gereklidir.";
				INFOPLIST_KEY_NSMotionUsageDescription = "Kartlara 3D hareket efekti uygulamak için kullanılır.";
				INFOPLIST_KEY_UIApplicationSceneManifest_Generation = YES;
				INFOPLIST_KEY_UIApplicationSupportsIndirectInputEvents = YES;
				INFOPLIST_KEY_UILaunchScreen_Generation = YES;
				INFOPLIST_KEY_UISupportedInterfaceOrientations_iPad = "UIInterfaceOrientationPortrait UIInterfaceOrientationPortraitUpsideDown UIInterfaceOrientationLandscapeLeft UIInterfaceOrientationLandscapeRight";
				INFOPLIST_KEY_UISupportedInterfaceOrientations_iPhone = "UIInterfaceOrientationPortrait UIInterfaceOrientationLandscapeLeft UIInterfaceOrientationLandscapeRight";
				LD_RUNPATH_SEARCH_PATHS = (
					"$(inherited)",
					"@executable_path/Frameworks",
				);
				MARKETING_VERSION = 1.0;
				PRODUCT_BUNDLE_IDENTIFIER = soutTabHi.InfoCard;
				PRODUCT_NAME = "$(TARGET_NAME)";
				STRING_CATALOG_GENERATE_SYMBOLS = YES;
				SWIFT_APPROACHABLE_CONCURRENCY = YES;
				SWIFT_DEFAULT_ACTOR_ISOLATION = MainActor;
				SWIFT_EMIT_LOC_STRINGS = YES;
				SWIFT_UPCOMING_FEATURE_MEMBER_IMPORT_VISIBILITY = YES;
				SWIFT_VERSION = 5.0;
				TARGETED_DEVICE_FAMILY = "1,2";
			};
			name = Release;
		};
		256CFE5D2FD4F32B0015BAA0 /* Debug */ = {
			isa = XCBuildConfiguration;
			buildSettings = {
				BUNDLE_LOADER = "$(TEST_HOST)";
				CODE_SIGN_STYLE = Automatic;
				CURRENT_PROJECT_VERSION = 1;
				DEVELOPMENT_TEAM = X37X97J8QP;
				GENERATE_INFOPLIST_FILE = YES;
				IPHONEOS_DEPLOYMENT_TARGET = 26.2;
				MARKETING_VERSION = 1.0;
				PRODUCT_BUNDLE_IDENTIFIER = soutTabHi.InfoCardTests;
				PRODUCT_NAME = "$(TARGET_NAME)";
				STRING_CATALOG_GENERATE_SYMBOLS = NO;
				SWIFT_APPROACHABLE_CONCURRENCY = YES;
				SWIFT_EMIT_LOC_STRINGS = NO;
				SWIFT_UPCOMING_FEATURE_MEMBER_IMPORT_VISIBILITY = YES;
				SWIFT_VERSION = 5.0;
				TARGETED_DEVICE_FAMILY = "1,2";
				TEST_HOST = "$(BUILT_PRODUCTS_DIR)/InfoCard.app/$(BUNDLE_EXECUTABLE_FOLDER_PATH)/InfoCard";
			};
			name = Debug;
		};
		256CFE5E2FD4F32B0015BAA0 /* Release */ = {
			isa = XCBuildConfiguration;
			buildSettings = {
				BUNDLE_LOADER = "$(TEST_HOST)";
				CODE_SIGN_STYLE = Automatic;
				CURRENT_PROJECT_VERSION = 1;
				DEVELOPMENT_TEAM = X37X97J8QP;
				GENERATE_INFOPLIST_FILE = YES;
				IPHONEOS_DEPLOYMENT_TARGET = 26.2;
				MARKETING_VERSION = 1.0;
				PRODUCT_BUNDLE_IDENTIFIER = soutTabHi.InfoCardTests;
				PRODUCT_NAME = "$(TARGET_NAME)";
				STRING_CATALOG_GENERATE_SYMBOLS = NO;
				SWIFT_APPROACHABLE_CONCURRENCY = YES;
				SWIFT_EMIT_LOC_STRINGS = NO;
				SWIFT_UPCOMING_FEATURE_MEMBER_IMPORT_VISIBILITY = YES;
				SWIFT_VERSION = 5.0;
				TARGETED_DEVICE_FAMILY = "1,2";
				TEST_HOST = "$(BUILT_PRODUCTS_DIR)/InfoCard.app/$(BUNDLE_EXECUTABLE_FOLDER_PATH)/InfoCard";
			};
			name = Release;
		};
		256CFE602FD4F32B0015BAA0 /* Debug */ = {
			isa = XCBuildConfiguration;
			buildSettings = {
				CODE_SIGN_STYLE = Automatic;
				CURRENT_PROJECT_VERSION = 1;
				DEVELOPMENT_TEAM = X37X97J8QP;
				GENERATE_INFOPLIST_FILE = YES;
				MARKETING_VERSION = 1.0;
				PRODUCT_BUNDLE_IDENTIFIER = soutTabHi.InfoCardUITests;
				PRODUCT_NAME = "$(TARGET_NAME)";
				STRING_CATALOG_GENERATE_SYMBOLS = NO;
				SWIFT_APPROACHABLE_CONCURRENCY = YES;
				SWIFT_EMIT_LOC_STRINGS = NO;
				SWIFT_UPCOMING_FEATURE_MEMBER_IMPORT_VISIBILITY = YES;
				SWIFT_VERSION = 5.0;
				TARGETED_DEVICE_FAMILY = "1,2";
				TEST_TARGET_NAME = InfoCard;
			};
			name = Debug;
		};
		256CFE612FD4F32B0015BAA0 /* Release */ = {
			isa = XCBuildConfiguration;
			buildSettings = {
				CODE_SIGN_STYLE = Automatic;
				CURRENT_PROJECT_VERSION = 1;
				DEVELOPMENT_TEAM = X37X97J8QP;
				GENERATE_INFOPLIST_FILE = YES;
				MARKETING_VERSION = 1.0;
				PRODUCT_BUNDLE_IDENTIFIER = soutTabHi.InfoCardUITests;
				PRODUCT_NAME = "$(TARGET_NAME)";
				STRING_CATALOG_GENERATE_SYMBOLS = NO;
				SWIFT_APPROACHABLE_CONCURRENCY = YES;
				SWIFT_EMIT_LOC_STRINGS = NO;
				SWIFT_UPCOMING_FEATURE_MEMBER_IMPORT_VISIBILITY = YES;
				SWIFT_VERSION = 5.0;
				TARGETED_DEVICE_FAMILY = "1,2";
				TEST_TARGET_NAME = InfoCard;
			};
			name = Release;
		};
/* End XCBuildConfiguration section */

/* Begin XCConfigurationList section */
		256CFE332FD4F32A0015BAA0 /* Build configuration list for PBXProject "InfoCard" */ = {
			isa = XCConfigurationList;
			buildConfigurations = (
				256CFE572FD4F32B0015BAA0 /* Debug */,
				256CFE582FD4F32B0015BAA0 /* Release */,
			);
			defaultConfigurationIsVisible = 0;
			defaultConfigurationName = Release;
		};
		256CFE592FD4F32B0015BAA0 /* Build configuration list for PBXNativeTarget "InfoCard" */ = {
			isa = XCConfigurationList;
			buildConfigurations = (
				256CFE5A2FD4F32B0015BAA0 /* Debug */,
				256CFE5B2FD4F32B0015BAA0 /* Release */,
			);
			defaultConfigurationIsVisible = 0;
			defaultConfigurationName = Release;
		};
		256CFE5C2FD4F32B0015BAA0 /* Build configuration list for PBXNativeTarget "InfoCardTests" */ = {
			isa = XCConfigurationList;
			buildConfigurations = (
				256CFE5D2FD4F32B0015BAA0 /* Debug */,
				256CFE5E2FD4F32B0015BAA0 /* Release */,
			);
			defaultConfigurationIsVisible = 0;
			defaultConfigurationName = Release;
		};
		256CFE5F2FD4F32B0015BAA0 /* Build configuration list for PBXNativeTarget "InfoCardUITests" */ = {
			isa = XCConfigurationList;
			buildConfigurations = (
				256CFE602FD4F32B0015BAA0 /* Debug */,
				256CFE612FD4F32B0015BAA0 /* Release */,
			);
			defaultConfigurationIsVisible = 0;
			defaultConfigurationName = Release;
		};
/* End XCConfigurationList section */
	};
	rootObject = 256CFE302FD4F32A0015BAA0 /* Project object */;
}
